
Microsoft Visual Studio Solution File, Format Version 12.00
# Visual Studio Version 17
VisualStudioVersion = 17.11.35327.3
MinimumVisualStudioVersion = 10.0.40219.1
Project("{FAE04EC0-301F-11D3-BF4B-00C04F79EFBC}") = "Perijoc_Ana_Lab1", "Perijoc_Ana_Lab1\Perijoc_Ana_Lab1.csproj", "{F7D42210-CF81-4E85-8354-2F98F5CCC0AA}"
EndProject
Global
	GlobalSection(SolutionConfigurationPlatforms) = preSolution
		Debug|Any CPU = Debug|Any CPU
		Release|Any CPU = Release|Any CPU
	EndGlobalSection
	GlobalSection(ProjectConfigurationPlatforms) = postSolution
		{F7D42210-CF81-4E85-8354-2F98F5CCC0AA}.Debug|Any CPU.ActiveCfg = Debug|Any CPU
		{F7D42210-CF81-4E85-8354-2F98F5CCC0AA}.Debug|Any CPU.Build.0 = Debug|Any CPU
		{F7D42210-CF81-4E85-8354-2F98F5CCC0AA}.Release|Any CPU.ActiveCfg = Release|Any CPU
		{F7D42210-CF81-4E85-8354-2F98F5CCC0AA}.Release|Any CPU.Build.0 = Release|Any CPU
	EndGlobalSection
	GlobalSection(SolutionProperties) = preSolution
		HideSolutionNode = FALSE
	EndGlobalSection
	GlobalSection(ExtensibilityGlobals) = postSolution
		SolutionGuid = {D48CC577-403A-468E-97E1-6C12129A12B2}
	EndGlobalSection
EndGlobal
